
Microsoft Visual Studio Solution File, Format Version 12.00
# Visual Studio 15
VisualStudioVersion = 15.0.26730.15
MinimumVisualStudioVersion = 10.0.40219.1
Project("{FAE04EC0-301F-11D3-BF4B-00C04F79EFBC}") = "ApplicationOne", "ApplicationOne\ApplicationOne.csproj", "{7185089F-75A5-46EC-9F90-79864DBA5AF6}"
EndProject
Global
	GlobalSection(SolutionConfigurationPlatforms) = preSolution
		Debug|Any CPU = Debug|Any CPU
		Release|Any CPU = Release|Any CPU
	EndGlobalSection
	GlobalSection(ProjectConfigurationPlatforms) = postSolution
		{7185089F-75A5-46EC-9F90-79864DBA5AF6}.Debug|Any CPU.ActiveCfg = Debug|Any CPU
		{7185089F-75A5-46EC-9F90-79864DBA5AF6}.Debug|Any CPU.Build.0 = Debug|Any CPU
		{7185089F-75A5-46EC-9F90-79864DBA5AF6}.Release|Any CPU.ActiveCfg = Release|Any CPU
		{7185089F-75A5-46EC-9F90-79864DBA5AF6}.Release|Any CPU.Build.0 = Release|Any CPU
	EndGlobalSection
	GlobalSection(SolutionProperties) = preSolution
		HideSolutionNode = FALSE
	EndGlobalSection
	GlobalSection(ExtensibilityGlobals) = postSolution
		SolutionGuid = {85695556-ADCE-4021-AC2F-FA6446710D97}
	EndGlobalSection
EndGlobal
